// !$*UTF8*$!
{
	archiveVersion = 1;
	classes = {
	};
	objectVersion = 50;
	objects = {

/* Begin PBXBuildFile section */
		5B9A7DF8266D06A7008053F9 /* AppDelegate.swift in Sources */ = {isa = PBXBuildFile; fileRef = 5B9A7DF7266D06A7008053F9 /* AppDelegate.swift */; };
		5B9A7DFA266D06A7008053F9 /* SceneDelegate.swift in Sources */ = {isa = PBXBuildFile; fileRef = 5B9A7DF9266D06A7008053F9 /* SceneDelegate.swift */; };
		5B9A7DFF266D06A7008053F9 /* Main.storyboard in Resources */ = {isa = PBXBuildFile; fileRef = 5B9A7DFD266D06A7008053F9 /* Main.storyboard */; };
		5B9A7E02266D06A7008053F9 /* CWKSemua.xcdatamodeld in Sources */ = {isa = PBXBuildFile; fileRef = 5B9A7E00266D06A7008053F9 /* CWKSemua.xcdatamodeld */; };
		5B9A7E04266D06A8008053F9 /* Assets.xcassets in Resources */ = {isa = PBXBuildFile; fileRef = 5B9A7E03266D06A8008053F9 /* Assets.xcassets */; };
		5B9A7E07266D06A8008053F9 /* LaunchScreen.storyboard in Resources */ = {isa = PBXBuildFile; fileRef = 5B9A7E05266D06A8008053F9 /* LaunchScreen.storyboard */; };
		5BBFF36D266F5ACF0003EBEB /* PageViewController.storyboard in Resources */ = {isa = PBXBuildFile; fileRef = 5BBFF36C266F5ACF0003EBEB /* PageViewController.storyboard */; };
		5BBFF36F266F5BE10003EBEB /* PageViewController.swift in Sources */ = {isa = PBXBuildFile; fileRef = 5BBFF36E266F5BE10003EBEB /* PageViewController.swift */; };
		5BE53E60266DE6D20049BBF8 /* Landscape.storyboard in Resources */ = {isa = PBXBuildFile; fileRef = 5BE53E5F266DE6D20049BBF8 /* Landscape.storyboard */; };
		5BE53E6E266E1D280049BBF8 /* HomePageViewController.swift in Sources */ = {isa = PBXBuildFile; fileRef = 5BE53E6D266E1D280049BBF8 /* HomePageViewController.swift */; };
		5BE53E70266E1DF70049BBF8 /* GradientColor.swift in Sources */ = {isa = PBXBuildFile; fileRef = 5BE53E6F266E1DF70049BBF8 /* GradientColor.swift */; };
		5BF56E532670A26F00191575 /* ViewController.swift in Sources */ = {isa = PBXBuildFile; fileRef = 5BF56E522670A26F00191575 /* ViewController.swift */; };
		A7CF21D2267341C1007B54F9 /* Camera.storyboard in Resources */ = {isa = PBXBuildFile; fileRef = A7CF21D1267341C1007B54F9 /* Camera.storyboard */; };
		A7D088F8266F42370044AB95 /* DetailViewController.swift in Sources */ = {isa = PBXBuildFile; fileRef = A7D088F7266F42370044AB95 /* DetailViewController.swift */; };
		A7EA82BB2672DF8A0032CAA7 /* AVCaptureDeviceFrameRate.swift in Sources */ = {isa = PBXBuildFile; fileRef = A7EA82BA2672DF8A0032CAA7 /* AVCaptureDeviceFrameRate.swift */; };
		A7EA82BF2672DFB30032CAA7 /* AVCaptureDeviceInput.swift in Sources */ = {isa = PBXBuildFile; fileRef = A7EA82BE2672DFB30032CAA7 /* AVCaptureDeviceInput.swift */; };
		A7EA82C22672DFCC0032CAA7 /* AVCaptureVideoDataOutput.swift in Sources */ = {isa = PBXBuildFile; fileRef = A7EA82C12672DFCC0032CAA7 /* AVCaptureVideoDataOutput.swift */; };
		A7EA82C62672E04A0032CAA7 /* Pose.swift in Sources */ = {isa = PBXBuildFile; fileRef = A7EA82C52672E04A0032CAA7 /* Pose.swift */; };
		A7EA82CB2672E5050032CAA7 /* FootworkClassifier.mlmodel in Sources */ = {isa = PBXBuildFile; fileRef = A7EA82CA2672E5050032CAA7 /* FootworkClassifier.mlmodel */; };
		A7EA82CE2672E6250032CAA7 /* FootworkClassifierLabel.swift in Sources */ = {isa = PBXBuildFile; fileRef = A7EA82CD2672E6250032CAA7 /* FootworkClassifierLabel.swift */; };
		A7EA82D22672E82B0032CAA7 /* FootworkClassifierPredict.swift in Sources */ = {isa = PBXBuildFile; fileRef = A7EA82D12672E82B0032CAA7 /* FootworkClassifierPredict.swift */; };
		A7EA82D52672EB250032CAA7 /* FootworkPrediction.swift in Sources */ = {isa = PBXBuildFile; fileRef = A7EA82D42672EB250032CAA7 /* FootworkPrediction.swift */; };
		A7EA82D92672EFDB0032CAA7 /* VideoProcessing.swift in Sources */ = {isa = PBXBuildFile; fileRef = A7EA82D82672EFDB0032CAA7 /* VideoProcessing.swift */; };
		A7FC63D6266E67A500859CC0 /* CameraViewController.swift in Sources */ = {isa = PBXBuildFile; fileRef = A7FC63D5266E67A500859CC0 /* CameraViewController.swift */; };
		A7FC63D9266E68FB00859CC0 /* VideoCapture.swift in Sources */ = {isa = PBXBuildFile; fileRef = A7FC63D8266E68FB00859CC0 /* VideoCapture.swift */; };
		A7FC6430266EE80D00859CC0 /* VideoPlaybackViewController.swift in Sources */ = {isa = PBXBuildFile; fileRef = A7FC642F266EE80D00859CC0 /* VideoPlaybackViewController.swift */; };
		AB6DCD302677683200B0693C /* History+CoreDataClass.swift in Sources */ = {isa = PBXBuildFile; fileRef = AB6DCD2E2677683200B0693C /* History+CoreDataClass.swift */; };
		AB6DCD312677683200B0693C /* History+CoreDataProperties.swift in Sources */ = {isa = PBXBuildFile; fileRef = AB6DCD2F2677683200B0693C /* History+CoreDataProperties.swift */; };
		AB6DCD332678E79500B0693C /* HistoryTesting.swift in Sources */ = {isa = PBXBuildFile; fileRef = AB6DCD322678E79500B0693C /* HistoryTesting.swift */; };
		AB6DCD3526790FFA00B0693C /* HStestingViewController.swift in Sources */ = {isa = PBXBuildFile; fileRef = AB6DCD3426790FFA00B0693C /* HStestingViewController.swift */; };
		AB6DCD382679127B00B0693C /* HistoryCollectionViewCell.swift in Sources */ = {isa = PBXBuildFile; fileRef = AB6DCD362679127B00B0693C /* HistoryCollectionViewCell.swift */; };
		AB6DCD392679127B00B0693C /* HistoryCollectionViewCell.xib in Resources */ = {isa = PBXBuildFile; fileRef = AB6DCD372679127B00B0693C /* HistoryCollectionViewCell.xib */; };
/* End PBXBuildFile section */

/* Begin PBXFileReference section */
		5B9A7DF4266D06A7008053F9 /* CWKSemua.app */ = {isa = PBXFileReference; explicitFileType = wrapper.application; includeInIndex = 0; path = CWKSemua.app; sourceTree = BUILT_PRODUCTS_DIR; };
		5B9A7DF7266D06A7008053F9 /* AppDelegate.swift */ = {isa = PBXFileReference; lastKnownFileType = sourcecode.swift; path = AppDelegate.swift; sourceTree = "<group>"; };
		5B9A7DF9266D06A7008053F9 /* SceneDelegate.swift */ = {isa = PBXFileReference; lastKnownFileType = sourcecode.swift; path = SceneDelegate.swift; sourceTree = "<group>"; };
		5B9A7DFE266D06A7008053F9 /* Base */ = {isa = PBXFileReference; lastKnownFileType = file.storyboard; name = Base; path = Base.lproj/Main.storyboard; sourceTree = "<group>"; };
		5B9A7E01266D06A7008053F9 /* CWKSemua.xcdatamodel */ = {isa = PBXFileReference; lastKnownFileType = wrapper.xcdatamodel; path = CWKSemua.xcdatamodel; sourceTree = "<group>"; };
		5B9A7E03266D06A8008053F9 /* Assets.xcassets */ = {isa = PBXFileReference; lastKnownFileType = folder.assetcatalog; path = Assets.xcassets; sourceTree = "<group>"; };
		5B9A7E06266D06A8008053F9 /* Base */ = {isa = PBXFileReference; lastKnownFileType = file.storyboard; name = Base; path = Base.lproj/LaunchScreen.storyboard; sourceTree = "<group>"; };
		5B9A7E08266D06A8008053F9 /* Info.plist */ = {isa = PBXFileReference; lastKnownFileType = text.plist.xml; path = Info.plist; sourceTree = "<group>"; };
		5BBFF36C266F5ACF0003EBEB /* PageViewController.storyboard */ = {isa = PBXFileReference; lastKnownFileType = file.storyboard; path = PageViewController.storyboard; sourceTree = "<group>"; };
		5BBFF36E266F5BE10003EBEB /* PageViewController.swift */ = {isa = PBXFileReference; lastKnownFileType = sourcecode.swift; path = PageViewController.swift; sourceTree = "<group>"; };
		5BE53E5F266DE6D20049BBF8 /* Landscape.storyboard */ = {isa = PBXFileReference; lastKnownFileType = file.storyboard; path = Landscape.storyboard; sourceTree = "<group>"; };
		5BE53E6D266E1D280049BBF8 /* HomePageViewController.swift */ = {isa = PBXFileReference; lastKnownFileType = sourcecode.swift; path = HomePageViewController.swift; sourceTree = "<group>"; };
		5BE53E6F266E1DF70049BBF8 /* GradientColor.swift */ = {isa = PBXFileReference; lastKnownFileType = sourcecode.swift; path = GradientColor.swift; sourceTree = "<group>"; };
		5BF56E522670A26F00191575 /* ViewController.swift */ = {isa = PBXFileReference; lastKnownFileType = sourcecode.swift; path = ViewController.swift; sourceTree = "<group>"; };
		A7CF21D1267341C1007B54F9 /* Camera.storyboard */ = {isa = PBXFileReference; fileEncoding = 4; lastKnownFileType = file.storyboard; path = Camera.storyboard; sourceTree = "<group>"; };
		A7D088F7266F42370044AB95 /* DetailViewController.swift */ = {isa = PBXFileReference; lastKnownFileType = sourcecode.swift; path = DetailViewController.swift; sourceTree = "<group>"; };
		A7EA82BA2672DF8A0032CAA7 /* AVCaptureDeviceFrameRate.swift */ = {isa = PBXFileReference; lastKnownFileType = sourcecode.swift; path = AVCaptureDeviceFrameRate.swift; sourceTree = "<group>"; };
		A7EA82BE2672DFB30032CAA7 /* AVCaptureDeviceInput.swift */ = {isa = PBXFileReference; lastKnownFileType = sourcecode.swift; path = AVCaptureDeviceInput.swift; sourceTree = "<group>"; };
		A7EA82C12672DFCC0032CAA7 /* AVCaptureVideoDataOutput.swift */ = {isa = PBXFileReference; lastKnownFileType = sourcecode.swift; path = AVCaptureVideoDataOutput.swift; sourceTree = "<group>"; };
		A7EA82C52672E04A0032CAA7 /* Pose.swift */ = {isa = PBXFileReference; lastKnownFileType = sourcecode.swift; path = Pose.swift; sourceTree = "<group>"; };
		A7EA82CA2672E5050032CAA7 /* FootworkClassifier.mlmodel */ = {isa = PBXFileReference; lastKnownFileType = file.mlmodel; path = FootworkClassifier.mlmodel; sourceTree = "<group>"; };
		A7EA82CD2672E6250032CAA7 /* FootworkClassifierLabel.swift */ = {isa = PBXFileReference; lastKnownFileType = sourcecode.swift; path = FootworkClassifierLabel.swift; sourceTree = "<group>"; };
		A7EA82D12672E82B0032CAA7 /* FootworkClassifierPredict.swift */ = {isa = PBXFileReference; lastKnownFileType = sourcecode.swift; path = FootworkClassifierPredict.swift; sourceTree = "<group>"; };
		A7EA82D42672EB250032CAA7 /* FootworkPrediction.swift */ = {isa = PBXFileReference; lastKnownFileType = sourcecode.swift; path = FootworkPrediction.swift; sourceTree = "<group>"; };
		A7EA82D82672EFDB0032CAA7 /* VideoProcessing.swift */ = {isa = PBXFileReference; lastKnownFileType = sourcecode.swift; path = VideoProcessing.swift; sourceTree = "<group>"; };
		A7FC63D5266E67A500859CC0 /* CameraViewController.swift */ = {isa = PBXFileReference; lastKnownFileType = sourcecode.swift; path = CameraViewController.swift; sourceTree = "<group>"; };
		A7FC63D8266E68FB00859CC0 /* VideoCapture.swift */ = {isa = PBXFileReference; lastKnownFileType = sourcecode.swift; path = VideoCapture.swift; sourceTree = "<group>"; };
		A7FC642F266EE80D00859CC0 /* VideoPlaybackViewController.swift */ = {isa = PBXFileReference; lastKnownFileType = sourcecode.swift; path = VideoPlaybackViewController.swift; sourceTree = "<group>"; };
		AB6DCD2E2677683200B0693C /* History+CoreDataClass.swift */ = {isa = PBXFileReference; lastKnownFileType = sourcecode.swift; path = "History+CoreDataClass.swift"; sourceTree = "<group>"; };
		AB6DCD2F2677683200B0693C /* History+CoreDataProperties.swift */ = {isa = PBXFileReference; lastKnownFileType = sourcecode.swift; path = "History+CoreDataProperties.swift"; sourceTree = "<group>"; };
		AB6DCD322678E79500B0693C /* HistoryTesting.swift */ = {isa = PBXFileReference; lastKnownFileType = sourcecode.swift; path = HistoryTesting.swift; sourceTree = "<group>"; };
		AB6DCD3426790FFA00B0693C /* HStestingViewController.swift */ = {isa = PBXFileReference; lastKnownFileType = sourcecode.swift; path = HStestingViewController.swift; sourceTree = "<group>"; };
		AB6DCD362679127B00B0693C /* HistoryCollectionViewCell.swift */ = {isa = PBXFileReference; lastKnownFileType = sourcecode.swift; path = HistoryCollectionViewCell.swift; sourceTree = "<group>"; };
		AB6DCD372679127B00B0693C /* HistoryCollectionViewCell.xib */ = {isa = PBXFileReference; lastKnownFileType = file.xib; path = HistoryCollectionViewCell.xib; sourceTree = "<group>"; };
/* End PBXFileReference section */

/* Begin PBXFrameworksBuildPhase section */
		5B9A7DF1266D06A7008053F9 /* Frameworks */ = {
			isa = PBXFrameworksBuildPhase;
			buildActionMask = 2147483647;
			files = (
			);
			runOnlyForDeploymentPostprocessing = 0;
		};
/* End PBXFrameworksBuildPhase section */

/* Begin PBXGroup section */
		5B9A7DEB266D06A7008053F9 = {
			isa = PBXGroup;
			children = (
				AB6DCD2E2677683200B0693C /* History+CoreDataClass.swift */,
				AB6DCD2F2677683200B0693C /* History+CoreDataProperties.swift */,
				5B9A7DF6266D06A7008053F9 /* CWKSemua */,
				5B9A7DF5266D06A7008053F9 /* Products */,
			);
			sourceTree = "<group>";
		};
		5B9A7DF5266D06A7008053F9 /* Products */ = {
			isa = PBXGroup;
			children = (
				5B9A7DF4266D06A7008053F9 /* CWKSemua.app */,
			);
			name = Products;
			sourceTree = "<group>";
		};
		5B9A7DF6266D06A7008053F9 /* CWKSemua */ = {
			isa = PBXGroup;
			children = (
				5BE53E66266E07210049BBF8 /* Controller */,
				5BE53E65266E071C0049BBF8 /* View */,
				5BE53E64266E07150049BBF8 /* Model */,
				5B9A7DF7266D06A7008053F9 /* AppDelegate.swift */,
				5B9A7DF9266D06A7008053F9 /* SceneDelegate.swift */,
				A7FC63D5266E67A500859CC0 /* CameraViewController.swift */,
				5BF56E522670A26F00191575 /* ViewController.swift */,
				A7EA82D72672EFB40032CAA7 /* Video Processing */,
				A7EA82C92672E4970032CAA7 /* Footwork Classifier */,
				A7EA82C42672E0390032CAA7 /* ModelPose */,
				A7EA82B92672DF0E0032CAA7 /* Camera */,
				A7FC642F266EE80D00859CC0 /* VideoPlaybackViewController.swift */,
				A7D088F7266F42370044AB95 /* DetailViewController.swift */,
				A7CF21D1267341C1007B54F9 /* Camera.storyboard */,
				5B9A7DFD266D06A7008053F9 /* Main.storyboard */,
				AB6DCD362679127B00B0693C /* HistoryCollectionViewCell.swift */,
				AB6DCD372679127B00B0693C /* HistoryCollectionViewCell.xib */,
				AB6DCD3426790FFA00B0693C /* HStestingViewController.swift */,
				AB6DCD322678E79500B0693C /* HistoryTesting.swift */,
				5BBFF36C266F5ACF0003EBEB /* PageViewController.storyboard */,
				5BBFF36E266F5BE10003EBEB /* PageViewController.swift */,
				5BE53E5F266DE6D20049BBF8 /* Landscape.storyboard */,
				5B9A7E03266D06A8008053F9 /* Assets.xcassets */,
				5B9A7E05266D06A8008053F9 /* LaunchScreen.storyboard */,
				5B9A7E08266D06A8008053F9 /* Info.plist */,
				5B9A7E00266D06A7008053F9 /* CWKSemua.xcdatamodeld */,
			);
			path = CWKSemua;
			sourceTree = "<group>";
		};
		5BE53E64266E07150049BBF8 /* Model */ = {
			isa = PBXGroup;
			children = (
			);
			path = Model;
			sourceTree = "<group>";
		};
		5BE53E65266E071C0049BBF8 /* View */ = {
			isa = PBXGroup;
			children = (
				5BE53E6D266E1D280049BBF8 /* HomePageViewController.swift */,
				5BE53E6F266E1DF70049BBF8 /* GradientColor.swift */,
			);
			path = View;
			sourceTree = "<group>";
		};
		5BE53E66266E07210049BBF8 /* Controller */ = {
			isa = PBXGroup;
			children = (
			);
			path = Controller;
			sourceTree = "<group>";
		};
		A7EA82B92672DF0E0032CAA7 /* Camera */ = {
			isa = PBXGroup;
			children = (
				A7FC63D8266E68FB00859CC0 /* VideoCapture.swift */,
				A7EA82BE2672DFB30032CAA7 /* AVCaptureDeviceInput.swift */,
				A7EA82BA2672DF8A0032CAA7 /* AVCaptureDeviceFrameRate.swift */,
				A7EA82C12672DFCC0032CAA7 /* AVCaptureVideoDataOutput.swift */,
			);
			path = Camera;
			sourceTree = "<group>";
		};
		A7EA82C42672E0390032CAA7 /* ModelPose */ = {
			isa = PBXGroup;
			children = (
				A7EA82C52672E04A0032CAA7 /* Pose.swift */,
			);
			path = ModelPose;
			sourceTree = "<group>";
		};
		A7EA82C92672E4970032CAA7 /* Footwork Classifier */ = {
			isa = PBXGroup;
			children = (
				A7EA82CA2672E5050032CAA7 /* FootworkClassifier.mlmodel */,
				A7EA82CD2672E6250032CAA7 /* FootworkClassifierLabel.swift */,
				A7EA82D12672E82B0032CAA7 /* FootworkClassifierPredict.swift */,
				A7EA82D42672EB250032CAA7 /* FootworkPrediction.swift */,
			);
			path = "Footwork Classifier";
			sourceTree = "<group>";
		};
		A7EA82D72672EFB40032CAA7 /* Video Processing */ = {
			isa = PBXGroup;
			children = (
				A7EA82D82672EFDB0032CAA7 /* VideoProcessing.swift */,
			);
			path = "Video Processing";
			sourceTree = "<group>";
		};
/* End PBXGroup section */

/* Begin PBXNativeTarget section */
		5B9A7DF3266D06A7008053F9 /* CWKSemua */ = {
			isa = PBXNativeTarget;
			buildConfigurationList = 5B9A7E0B266D06A8008053F9 /* Build configuration list for PBXNativeTarget "CWKSemua" */;
			buildPhases = (
				5B9A7DF0266D06A7008053F9 /* Sources */,
				5B9A7DF1266D06A7008053F9 /* Frameworks */,
				5B9A7DF2266D06A7008053F9 /* Resources */,
			);
			buildRules = (
			);
			dependencies = (
			);
			name = CWKSemua;
			productName = CWKSemua;
			productReference = 5B9A7DF4266D06A7008053F9 /* CWKSemua.app */;
			productType = "com.apple.product-type.application";
		};
/* End PBXNativeTarget section */

/* Begin PBXProject section */
		5B9A7DEC266D06A7008053F9 /* Project object */ = {
			isa = PBXProject;
			attributes = {
				LastSwiftUpdateCheck = 1250;
				LastUpgradeCheck = 1250;
				TargetAttributes = {
					5B9A7DF3266D06A7008053F9 = {
						CreatedOnToolsVersion = 12.5;
					};
				};
			};
			buildConfigurationList = 5B9A7DEF266D06A7008053F9 /* Build configuration list for PBXProject "CWKSemua" */;
			compatibilityVersion = "Xcode 9.3";
			developmentRegion = en;
			hasScannedForEncodings = 0;
			knownRegions = (
				en,
				Base,
			);
			mainGroup = 5B9A7DEB266D06A7008053F9;
			productRefGroup = 5B9A7DF5266D06A7008053F9 /* Products */;
			projectDirPath = "";
			projectRoot = "";
			targets = (
				5B9A7DF3266D06A7008053F9 /* CWKSemua */,
			);
		};
/* End PBXProject section */

/* Begin PBXResourcesBuildPhase section */
		5B9A7DF2266D06A7008053F9 /* Resources */ = {
			isa = PBXResourcesBuildPhase;
			buildActionMask = 2147483647;
			files = (
				5B9A7E07266D06A8008053F9 /* LaunchScreen.storyboard in Resources */,
				A7CF21D2267341C1007B54F9 /* Camera.storyboard in Resources */,
				AB6DCD392679127B00B0693C /* HistoryCollectionViewCell.xib in Resources */,
				5B9A7E04266D06A8008053F9 /* Assets.xcassets in Resources */,
				5BE53E60266DE6D20049BBF8 /* Landscape.storyboard in Resources */,
				5B9A7DFF266D06A7008053F9 /* Main.storyboard in Resources */,
				5BBFF36D266F5ACF0003EBEB /* PageViewController.storyboard in Resources */,
			);
			runOnlyForDeploymentPostprocessing = 0;
		};
/* End PBXResourcesBuildPhase section */

/* Begin PBXSourcesBuildPhase section */
		5B9A7DF0266D06A7008053F9 /* Sources */ = {
			isa = PBXSourcesBuildPhase;
			buildActionMask = 2147483647;
			files = (
				A7EA82D92672EFDB0032CAA7 /* VideoProcessing.swift in Sources */,
				A7FC63D9266E68FB00859CC0 /* VideoCapture.swift in Sources */,
				AB6DCD3526790FFA00B0693C /* HStestingViewController.swift in Sources */,
				AB6DCD382679127B00B0693C /* HistoryCollectionViewCell.swift in Sources */,
				5BBFF36F266F5BE10003EBEB /* PageViewController.swift in Sources */,
				A7EA82CB2672E5050032CAA7 /* FootworkClassifier.mlmodel in Sources */,
				A7EA82CE2672E6250032CAA7 /* FootworkClassifierLabel.swift in Sources */,
				5BE53E70266E1DF70049BBF8 /* GradientColor.swift in Sources */,
				AB6DCD312677683200B0693C /* History+CoreDataProperties.swift in Sources */,
				A7EA82BB2672DF8A0032CAA7 /* AVCaptureDeviceFrameRate.swift in Sources */,
				5B9A7E02266D06A7008053F9 /* CWKSemua.xcdatamodeld in Sources */,
				5BF56E532670A26F00191575 /* ViewController.swift in Sources */,
				5B9A7DF8266D06A7008053F9 /* AppDelegate.swift in Sources */,
				A7FC63D6266E67A500859CC0 /* CameraViewController.swift in Sources */,
				A7EA82D52672EB250032CAA7 /* FootworkPrediction.swift in Sources */,
				A7EA82BF2672DFB30032CAA7 /* AVCaptureDeviceInput.swift in Sources */,
				AB6DCD302677683200B0693C /* History+CoreDataClass.swift in Sources */,
				A7EA82C62672E04A0032CAA7 /* Pose.swift in Sources */,
				5BE53E6E266E1D280049BBF8 /* HomePageViewController.swift in Sources */,
				AB6DCD332678E79500B0693C /* HistoryTesting.swift in Sources */,
				A7EA82C22672DFCC0032CAA7 /* AVCaptureVideoDataOutput.swift in Sources */,
				A7D088F8266F42370044AB95 /* DetailViewController.swift in Sources */,
				A7EA82D22672E82B0032CAA7 /* FootworkClassifierPredict.swift in Sources */,
				A7FC6430266EE80D00859CC0 /* VideoPlaybackViewController.swift in Sources */,
				5B9A7DFA266D06A7008053F9 /* SceneDelegate.swift in Sources */,
			);
			runOnlyForDeploymentPostprocessing = 0;
		};
/* End PBXSourcesBuildPhase section */

/* Begin PBXVariantGroup section */
		5B9A7DFD266D06A7008053F9 /* Main.storyboard */ = {
			isa = PBXVariantGroup;
			children = (
				5B9A7DFE266D06A7008053F9 /* Base */,
			);
			name = Main.storyboard;
			sourceTree = "<group>";
		};
		5B9A7E05266D06A8008053F9 /* LaunchScreen.storyboard */ = {
			isa = PBXVariantGroup;
			children = (
				5B9A7E06266D06A8008053F9 /* Base */,
			);
			name = LaunchScreen.storyboard;
			sourceTree = "<group>";
		};
/* End PBXVariantGroup section */

/* Begin XCBuildConfiguration section */
		5B9A7E09266D06A8008053F9 /* Debug */ = {
			isa = XCBuildConfiguration;
			buildSettings = {
				ALWAYS_SEARCH_USER_PATHS = NO;
				CLANG_ANALYZER_NONNULL = YES;
				CLANG_ANALYZER_NUMBER_OBJECT_CONVERSION = YES_AGGRESSIVE;
				CLANG_CXX_LANGUAGE_STANDARD = "gnu++14";
				CLANG_CXX_LIBRARY = "libc++";
				CLANG_ENABLE_MODULES = YES;
				CLANG_ENABLE_OBJC_ARC = YES;
				CLANG_ENABLE_OBJC_WEAK = YES;
				CLANG_WARN_BLOCK_CAPTURE_AUTORELEASING = YES;
				CLANG_WARN_BOOL_CONVERSION = YES;
				CLANG_WARN_COMMA = YES;
				CLANG_WARN_CONSTANT_CONVERSION = YES;
				CLANG_WARN_DEPRECATED_OBJC_IMPLEMENTATIONS = YES;
				CLANG_WARN_DIRECT_OBJC_ISA_USAGE = YES_ERROR;
				CLANG_WARN_DOCUMENTATION_COMMENTS = YES;
				CLANG_WARN_EMPTY_BODY = YES;
				CLANG_WARN_ENUM_CONVERSION = YES;
				CLANG_WARN_INFINITE_RECURSION = YES;
				CLANG_WARN_INT_CONVERSION = YES;
				CLANG_WARN_NON_LITERAL_NULL_CONVERSION = YES;
				CLANG_WARN_OBJC_IMPLICIT_RETAIN_SELF = YES;
				CLANG_WARN_OBJC_LITERAL_CONVERSION = YES;
				CLANG_WARN_OBJC_ROOT_CLASS = YES_ERROR;
				CLANG_WARN_QUOTED_INCLUDE_IN_FRAMEWORK_HEADER = YES;
				CLANG_WARN_RANGE_LOOP_ANALYSIS = YES;
				CLANG_WARN_STRICT_PROTOTYPES = YES;
				CLANG_WARN_SUSPICIOUS_MOVE = YES;
				CLANG_WARN_UNGUARDED_AVAILABILITY = YES_AGGRESSIVE;
				CLANG_WARN_UNREACHABLE_CODE = YES;
				CLANG_WARN__DUPLICATE_METHOD_MATCH = YES;
				COPY_PHASE_STRIP = NO;
				DEBUG_INFORMATION_FORMAT = dwarf;
				ENABLE_STRICT_OBJC_MSGSEND = YES;
				ENABLE_TESTABILITY = YES;
				GCC_C_LANGUAGE_STANDARD = gnu11;
				GCC_DYNAMIC_NO_PIC = NO;
				GCC_NO_COMMON_BLOCKS = YES;
				GCC_OPTIMIZATION_LEVEL = 0;
				GCC_PREPROCESSOR_DEFINITIONS = (
					"DEBUG=1",
					"$(inherited)",
				);
				GCC_WARN_64_TO_32_BIT_CONVERSION = YES;
				GCC_WARN_ABOUT_RETURN_TYPE = YES_ERROR;
				GCC_WARN_UNDECLARED_SELECTOR = YES;
				GCC_WARN_UNINITIALIZED_AUTOS = YES_AGGRESSIVE;
				GCC_WARN_UNUSED_FUNCTION = YES;
				GCC_WARN_UNUSED_VARIABLE = YES;
				IPHONEOS_DEPLOYMENT_TARGET = 14.1;
				MTL_ENABLE_DEBUG_INFO = INCLUDE_SOURCE;
				MTL_FAST_MATH = YES;
				ONLY_ACTIVE_ARCH = YES;
				SDKROOT = iphoneos;
				SWIFT_ACTIVE_COMPILATION_CONDITIONS = DEBUG;
				SWIFT_OPTIMIZATION_LEVEL = "-Onone";
			};
			name = Debug;
		};
		5B9A7E0A266D06A8008053F9 /* Release */ = {
			isa = XCBuildConfiguration;
			buildSettings = {
				ALWAYS_SEARCH_USER_PATHS = NO;
				CLANG_ANALYZER_NONNULL = YES;
				CLANG_ANALYZER_NUMBER_OBJECT_CONVERSION = YES_AGGRESSIVE;
				CLANG_CXX_LANGUAGE_STANDARD = "gnu++14";
				CLANG_CXX_LIBRARY = "libc++";
				CLANG_ENABLE_MODULES = YES;
				CLANG_ENABLE_OBJC_ARC = YES;
				CLANG_ENABLE_OBJC_WEAK = YES;
				CLANG_WARN_BLOCK_CAPTURE_AUTORELEASING = YES;
				CLANG_WARN_BOOL_CONVERSION = YES;
				CLANG_WARN_COMMA = YES;
				CLANG_WARN_CONSTANT_CONVERSION = YES;
				CLANG_WARN_DEPRECATED_OBJC_IMPLEMENTATIONS = YES;
				CLANG_WARN_DIRECT_OBJC_ISA_USAGE = YES_ERROR;
				CLANG_WARN_DOCUMENTATION_COMMENTS = YES;
				CLANG_WARN_EMPTY_BODY = YES;
				CLANG_WARN_ENUM_CONVERSION = YES;
				CLANG_WARN_INFINITE_RECURSION = YES;
				CLANG_WARN_INT_CONVERSION = YES;
				CLANG_WARN_NON_LITERAL_NULL_CONVERSION = YES;
				CLANG_WARN_OBJC_IMPLICIT_RETAIN_SELF = YES;
				CLANG_WARN_OBJC_LITERAL_CONVERSION = YES;
				CLANG_WARN_OBJC_ROOT_CLASS = YES_ERROR;
				CLANG_WARN_QUOTED_INCLUDE_IN_FRAMEWORK_HEADER = YES;
				CLANG_WARN_RANGE_LOOP_ANALYSIS = YES;
				CLANG_WARN_STRICT_PROTOTYPES = YES;
				CLANG_WARN_SUSPICIOUS_MOVE = YES;
				CLANG_WARN_UNGUARDED_AVAILABILITY = YES_AGGRESSIVE;
				CLANG_WARN_UNREACHABLE_CODE = YES;
				CLANG_WARN__DUPLICATE_METHOD_MATCH = YES;
				COPY_PHASE_STRIP = NO;
				DEBUG_INFORMATION_FORMAT = "dwarf-with-dsym";
				ENABLE_NS_ASSERTIONS = NO;
				ENABLE_STRICT_OBJC_MSGSEND = YES;
				GCC_C_LANGUAGE_STANDARD = gnu11;
				GCC_NO_COMMON_BLOCKS = YES;
				GCC_WARN_64_TO_32_BIT_CONVERSION = YES;
				GCC_WARN_ABOUT_RETURN_TYPE = YES_ERROR;
				GCC_WARN_UNDECLARED_SELECTOR = YES;
				GCC_WARN_UNINITIALIZED_AUTOS = YES_AGGRESSIVE;
				GCC_WARN_UNUSED_FUNCTION = YES;
				GCC_WARN_UNUSED_VARIABLE = YES;
				IPHONEOS_DEPLOYMENT_TARGET = 14.1;
				MTL_ENABLE_DEBUG_INFO = NO;
				MTL_FAST_MATH = YES;
				SDKROOT = iphoneos;
				SWIFT_COMPILATION_MODE = wholemodule;
				SWIFT_OPTIMIZATION_LEVEL = "-O";
				VALIDATE_PRODUCT = YES;
			};
			name = Release;
		};
		5B9A7E0C266D06A8008053F9 /* Debug */ = {
			isa = XCBuildConfiguration;
			buildSettings = {
				ASSETCATALOG_COMPILER_APPICON_NAME = AppIcon;
				ASSETCATALOG_COMPILER_GLOBAL_ACCENT_COLOR_NAME = AccentColor;
				CODE_SIGN_STYLE = Automatic;
				DEVELOPMENT_TEAM = 98QK38C4QU;
				INFOPLIST_FILE = CWKSemua/Info.plist;
				LD_RUNPATH_SEARCH_PATHS = (
					"$(inherited)",
					"@executable_path/Frameworks",
				);
				PRODUCT_BUNDLE_IDENTIFIER = AppleAcademy.CWKSemua;
				PRODUCT_NAME = "$(TARGET_NAME)";
				SWIFT_VERSION = 5.0;
				TARGETED_DEVICE_FAMILY = "1,2";
			};
			name = Debug;
		};
		5B9A7E0D266D06A8008053F9 /* Release */ = {
			isa = XCBuildConfiguration;
			buildSettings = {
				ASSETCATALOG_COMPILER_APPICON_NAME = AppIcon;
				ASSETCATALOG_COMPILER_GLOBAL_ACCENT_COLOR_NAME = AccentColor;
				CODE_SIGN_STYLE = Automatic;
				DEVELOPMENT_TEAM = 98QK38C4QU;
				INFOPLIST_FILE = CWKSemua/Info.plist;
				LD_RUNPATH_SEARCH_PATHS = (
					"$(inherited)",
					"@executable_path/Frameworks",
				);
				PRODUCT_BUNDLE_IDENTIFIER = AppleAcademy.CWKSemua;
				PRODUCT_NAME = "$(TARGET_NAME)";
				SWIFT_VERSION = 5.0;
				TARGETED_DEVICE_FAMILY = "1,2";
			};
			name = Release;
		};
/* End XCBuildConfiguration section */

/* Begin XCConfigurationList section */
		5B9A7DEF266D06A7008053F9 /* Build configuration list for PBXProject "CWKSemua" */ = {
			isa = XCConfigurationList;
			buildConfigurations = (
				5B9A7E09266D06A8008053F9 /* Debug */,
				5B9A7E0A266D06A8008053F9 /* Release */,
			);
			defaultConfigurationIsVisible = 0;
			defaultConfigurationName = Release;
		};
		5B9A7E0B266D06A8008053F9 /* Build configuration list for PBXNativeTarget "CWKSemua" */ = {
			isa = XCConfigurationList;
			buildConfigurations = (
				5B9A7E0C266D06A8008053F9 /* Debug */,
				5B9A7E0D266D06A8008053F9 /* Release */,
			);
			defaultConfigurationIsVisible = 0;
			defaultConfigurationName = Release;
		};
/* End XCConfigurationList section */

/* Begin XCVersionGroup section */
		5B9A7E00266D06A7008053F9 /* CWKSemua.xcdatamodeld */ = {
			isa = XCVersionGroup;
			children = (
				5B9A7E01266D06A7008053F9 /* CWKSemua.xcdatamodel */,
			);
			currentVersion = 5B9A7E01266D06A7008053F9 /* CWKSemua.xcdatamodel */;
			path = CWKSemua.xcdatamodeld;
			sourceTree = "<group>";
			versionGroupType = wrapper.xcdatamodel;
		};
/* End XCVersionGroup section */
	};
	rootObject = 5B9A7DEC266D06A7008053F9 /* Project object */;
}
